
Microsoft Visual Studio Solution File, Format Version 12.00
# Visual Studio Version 17
VisualStudioVersion = 17.1.32210.238
MinimumVisualStudioVersion = 10.0.40219.1
Project("{FAE04EC0-301F-11D3-BF4B-00C04F79EFBC}") = "PTMK_DB", "PTMK_DB\PTMK_DB.csproj", "{B73A1C9D-CF59-4F3E-84FB-7047D11A3F3E}"
EndProject
Global
	GlobalSection(SolutionConfigurationPlatforms) = preSolution
		Debug|Any CPU = Debug|Any CPU
		Release|Any CPU = Release|Any CPU
	EndGlobalSection
	GlobalSection(ProjectConfigurationPlatforms) = postSolution
		{B73A1C9D-CF59-4F3E-84FB-7047D11A3F3E}.Debug|Any CPU.ActiveCfg = Debug|Any CPU
		{B73A1C9D-CF59-4F3E-84FB-7047D11A3F3E}.Debug|Any CPU.Build.0 = Debug|Any CPU
		{B73A1C9D-CF59-4F3E-84FB-7047D11A3F3E}.Release|Any CPU.ActiveCfg = Release|Any CPU
		{B73A1C9D-CF59-4F3E-84FB-7047D11A3F3E}.Release|Any CPU.Build.0 = Release|Any CPU
	EndGlobalSection
	GlobalSection(SolutionProperties) = preSolution
		HideSolutionNode = FALSE
	EndGlobalSection
	GlobalSection(ExtensibilityGlobals) = postSolution
		SolutionGuid = {58BF15AE-5520-418C-8E5F-B5D5BB5AC95A}
	EndGlobalSection
EndGlobal
